{
  "version": "5",
  "remote": {
    "https://esm.sh/standardwebhooks@1.0.0": "b8cafcb7e9a890c14c0eb74cb093f36333000122e2276cc204818f6a680c8ba9"
  },
  "workspace": {
    "packageJson": {
      "dependencies": [
        "npm:@supabase/supabase-js@^2.57.0",
        "npm:@types/react-dom@^18.3.7",
        "npm:@types/react@^18.3.24",
        "npm:@vitejs/plugin-react@^4.7.0",
        "npm:react-dom@^18.3.1",
        "npm:react-router-dom@^6.30.1",
        "npm:react@^18.3.1",
        "npm:typescript@^5.9.2",
        "npm:vite@^7.1.3"
      ]
    }
  }
}
